
Microsoft Visual Studio Solution File, Format Version 12.00
# Visual Studio Version 16
VisualStudioVersion = 16.0.29209.62
MinimumVisualStudioVersion = 10.0.40219.1
Project("{FAE04EC0-301F-11D3-BF4B-00C04F79EFBC}") = "Problemario1", "Problemario1\Problemario1.csproj", "{A71950AB-081B-4D17-B437-4615CF655CAE}"
EndProject
Global
	GlobalSection(SolutionConfigurationPlatforms) = preSolution
		Debug|Any CPU = Debug|Any CPU
		Release|Any CPU = Release|Any CPU
	EndGlobalSection
	GlobalSection(ProjectConfigurationPlatforms) = postSolution
		{A71950AB-081B-4D17-B437-4615CF655CAE}.Debug|Any CPU.ActiveCfg = Debug|Any CPU
		{A71950AB-081B-4D17-B437-4615CF655CAE}.Debug|Any CPU.Build.0 = Debug|Any CPU
		{A71950AB-081B-4D17-B437-4615CF655CAE}.Release|Any CPU.ActiveCfg = Release|Any CPU
		{A71950AB-081B-4D17-B437-4615CF655CAE}.Release|Any CPU.Build.0 = Release|Any CPU
	EndGlobalSection
	GlobalSection(SolutionProperties) = preSolution
		HideSolutionNode = FALSE
	EndGlobalSection
	GlobalSection(ExtensibilityGlobals) = postSolution
		SolutionGuid = {4976B373-A9FF-4C64-A919-C56298CAFD9F}
	EndGlobalSection
EndGlobal
